
Microsoft Visual Studio Solution File, Format Version 11.00
# Visual Studio 2010
Project("{E24C65DC-7377-472B-9ABA-BC803B73C61A}") = "网上服装系统", ".", "{6DDE9871-7BF1-4EB8-A405-CF6B1C2FA8FB}"
	ProjectSection(WebsiteProperties) = preProject
		TargetFrameworkMoniker = ".NETFramework,Version%3Dv4.0"
		Debug.AspNetCompiler.VirtualPath = "/网上服装系统"
		Debug.AspNetCompiler.PhysicalPath = "..\网上服装系统\"
		Debug.AspNetCompiler.TargetPath = "PrecompiledWeb\网上服装系统\"
		Debug.AspNetCompiler.Updateable = "true"
		Debug.AspNetCompiler.ForceOverwrite = "true"
		Debug.AspNetCompiler.FixedNames = "false"
		Debug.AspNetCompiler.Debug = "True"
		Release.AspNetCompiler.VirtualPath = "/网上服装系统"
		Release.AspNetCompiler.PhysicalPath = "..\网上服装系统\"
		Release.AspNetCompiler.TargetPath = "PrecompiledWeb\网上服装系统\"
		Release.AspNetCompiler.Updateable = "true"
		Release.AspNetCompiler.ForceOverwrite = "true"
		Release.AspNetCompiler.FixedNames = "false"
		Release.AspNetCompiler.Debug = "False"
		VWDPort = "15645"
	EndProjectSection
EndProject
Global
	GlobalSection(SolutionConfigurationPlatforms) = preSolution
		Debug|Any CPU = Debug|Any CPU
	EndGlobalSection
	GlobalSection(ProjectConfigurationPlatforms) = postSolution
		{6DDE9871-7BF1-4EB8-A405-CF6B1C2FA8FB}.Debug|Any CPU.ActiveCfg = Debug|Any CPU
		{6DDE9871-7BF1-4EB8-A405-CF6B1C2FA8FB}.Debug|Any CPU.Build.0 = Debug|Any CPU
	EndGlobalSection
	GlobalSection(SolutionProperties) = preSolution
		HideSolutionNode = FALSE
	EndGlobalSection
EndGlobal
